
Microsoft Visual Studio Solution File, Format Version 12.00
# Visual Studio 2013
VisualStudioVersion = 12.0.31101.0
MinimumVisualStudioVersion = 10.0.40219.1
Project("{F2A71F9B-5D33-465A-A702-920D77279786}") = "Hekate", "src\Hekate\Hekate.fsproj", "{8F90E93C-87B2-478A-8161-6BC9019FE0C6}"
EndProject
Project("{F2A71F9B-5D33-465A-A702-920D77279786}") = "Hekate.Tests", "tests\Hekate.Tests\Hekate.Tests.fsproj", "{9B5C1EA3-8872-4F4B-B986-6BDD84D8E4D3}"
EndProject
Project("{F2A71F9B-5D33-465A-A702-920D77279786}") = "Hekate.Console", "tests\Hekate.Console\Hekate.Console.fsproj", "{C6AE044D-FD16-46E2-8DA6-DC13881F58B6}"
EndProject
Global
	GlobalSection(SolutionConfigurationPlatforms) = preSolution
		Debug|Any CPU = Debug|Any CPU
		Release|Any CPU = Release|Any CPU
	EndGlobalSection
	GlobalSection(ProjectConfigurationPlatforms) = postSolution
		{8F90E93C-87B2-478A-8161-6BC9019FE0C6}.Debug|Any CPU.ActiveCfg = Debug|Any CPU
		{8F90E93C-87B2-478A-8161-6BC9019FE0C6}.Debug|Any CPU.Build.0 = Debug|Any CPU
		{8F90E93C-87B2-478A-8161-6BC9019FE0C6}.Release|Any CPU.ActiveCfg = Release|Any CPU
		{8F90E93C-87B2-478A-8161-6BC9019FE0C6}.Release|Any CPU.Build.0 = Release|Any CPU
		{9B5C1EA3-8872-4F4B-B986-6BDD84D8E4D3}.Debug|Any CPU.ActiveCfg = Debug|Any CPU
		{9B5C1EA3-8872-4F4B-B986-6BDD84D8E4D3}.Debug|Any CPU.Build.0 = Debug|Any CPU
		{9B5C1EA3-8872-4F4B-B986-6BDD84D8E4D3}.Release|Any CPU.ActiveCfg = Release|Any CPU
		{9B5C1EA3-8872-4F4B-B986-6BDD84D8E4D3}.Release|Any CPU.Build.0 = Release|Any CPU
		{C6AE044D-FD16-46E2-8DA6-DC13881F58B6}.Debug|Any CPU.ActiveCfg = Debug|Any CPU
		{C6AE044D-FD16-46E2-8DA6-DC13881F58B6}.Debug|Any CPU.Build.0 = Debug|Any CPU
		{C6AE044D-FD16-46E2-8DA6-DC13881F58B6}.Release|Any CPU.ActiveCfg = Release|Any CPU
		{C6AE044D-FD16-46E2-8DA6-DC13881F58B6}.Release|Any CPU.Build.0 = Release|Any CPU
	EndGlobalSection
	GlobalSection(SolutionProperties) = preSolution
		HideSolutionNode = FALSE
	EndGlobalSection
EndGlobal
