
Microsoft Visual Studio Solution File, Format Version 12.00
# Visual Studio 15
VisualStudioVersion = 15.0.26124.0
MinimumVisualStudioVersion = 15.0.26124.0
Project("{2150E333-8FDC-42A3-9474-1A3956D46DE8}") = "src", "src", "{686A1D42-3DAA-4C8F-8223-0F8551F147A2}"
EndProject
Project("{F2A71F9B-5D33-465A-A702-920D77279786}") = "Hekate", "src\Hekate\Hekate.fsproj", "{0B0F73CB-98AD-442B-BB42-599D5BC0FFF7}"
EndProject
Project("{2150E333-8FDC-42A3-9474-1A3956D46DE8}") = "tests", "tests", "{9F6FC567-A14D-4043-B398-0CC6E4CC808F}"
EndProject
Project("{F2A71F9B-5D33-465A-A702-920D77279786}") = "Hekate.Tests", "tests\Hekate.Tests\Hekate.Tests.fsproj", "{5CE3D0AD-2347-4171-BA85-E9FEB3DB1541}"
EndProject
Global
	GlobalSection(SolutionConfigurationPlatforms) = preSolution
		Debug|Any CPU = Debug|Any CPU
		Debug|x64 = Debug|x64
		Debug|x86 = Debug|x86
		Release|Any CPU = Release|Any CPU
		Release|x64 = Release|x64
		Release|x86 = Release|x86
	EndGlobalSection
	GlobalSection(SolutionProperties) = preSolution
		HideSolutionNode = FALSE
	EndGlobalSection
	GlobalSection(ProjectConfigurationPlatforms) = postSolution
		{0B0F73CB-98AD-442B-BB42-599D5BC0FFF7}.Debug|Any CPU.ActiveCfg = Debug|Any CPU
		{0B0F73CB-98AD-442B-BB42-599D5BC0FFF7}.Debug|Any CPU.Build.0 = Debug|Any CPU
		{0B0F73CB-98AD-442B-BB42-599D5BC0FFF7}.Debug|x64.ActiveCfg = Debug|x64
		{0B0F73CB-98AD-442B-BB42-599D5BC0FFF7}.Debug|x64.Build.0 = Debug|x64
		{0B0F73CB-98AD-442B-BB42-599D5BC0FFF7}.Debug|x86.ActiveCfg = Debug|x86
		{0B0F73CB-98AD-442B-BB42-599D5BC0FFF7}.Debug|x86.Build.0 = Debug|x86
		{0B0F73CB-98AD-442B-BB42-599D5BC0FFF7}.Release|Any CPU.ActiveCfg = Release|Any CPU
		{0B0F73CB-98AD-442B-BB42-599D5BC0FFF7}.Release|Any CPU.Build.0 = Release|Any CPU
		{0B0F73CB-98AD-442B-BB42-599D5BC0FFF7}.Release|x64.ActiveCfg = Release|x64
		{0B0F73CB-98AD-442B-BB42-599D5BC0FFF7}.Release|x64.Build.0 = Release|x64
		{0B0F73CB-98AD-442B-BB42-599D5BC0FFF7}.Release|x86.ActiveCfg = Release|x86
		{0B0F73CB-98AD-442B-BB42-599D5BC0FFF7}.Release|x86.Build.0 = Release|x86
		{5CE3D0AD-2347-4171-BA85-E9FEB3DB1541}.Debug|Any CPU.ActiveCfg = Debug|Any CPU
		{5CE3D0AD-2347-4171-BA85-E9FEB3DB1541}.Debug|Any CPU.Build.0 = Debug|Any CPU
		{5CE3D0AD-2347-4171-BA85-E9FEB3DB1541}.Debug|x64.ActiveCfg = Debug|x64
		{5CE3D0AD-2347-4171-BA85-E9FEB3DB1541}.Debug|x64.Build.0 = Debug|x64
		{5CE3D0AD-2347-4171-BA85-E9FEB3DB1541}.Debug|x86.ActiveCfg = Debug|x86
		{5CE3D0AD-2347-4171-BA85-E9FEB3DB1541}.Debug|x86.Build.0 = Debug|x86
		{5CE3D0AD-2347-4171-BA85-E9FEB3DB1541}.Release|Any CPU.ActiveCfg = Release|Any CPU
		{5CE3D0AD-2347-4171-BA85-E9FEB3DB1541}.Release|Any CPU.Build.0 = Release|Any CPU
		{5CE3D0AD-2347-4171-BA85-E9FEB3DB1541}.Release|x64.ActiveCfg = Release|x64
		{5CE3D0AD-2347-4171-BA85-E9FEB3DB1541}.Release|x64.Build.0 = Release|x64
		{5CE3D0AD-2347-4171-BA85-E9FEB3DB1541}.Release|x86.ActiveCfg = Release|x86
		{5CE3D0AD-2347-4171-BA85-E9FEB3DB1541}.Release|x86.Build.0 = Release|x86
	EndGlobalSection
	GlobalSection(NestedProjects) = preSolution
		{0B0F73CB-98AD-442B-BB42-599D5BC0FFF7} = {686A1D42-3DAA-4C8F-8223-0F8551F147A2}
		{5CE3D0AD-2347-4171-BA85-E9FEB3DB1541} = {9F6FC567-A14D-4043-B398-0CC6E4CC808F}
	EndGlobalSection
EndGlobal
