
Microsoft Visual Studio Solution File, Format Version 12.00
# Visual Studio 2013
VisualStudioVersion = 12.0.31101.0
MinimumVisualStudioVersion = 10.0.40219.1
Project("{F2A71F9B-5D33-465A-A702-920D77279786}") = "Hekate", "src\Hekate\Hekate.fsproj", "{8F90E93C-87B2-478A-8161-6BC9019FE0C6}"
EndProject
Project("{F2A71F9B-5D33-465A-A702-920D77279786}") = "Hekate.Tests", "tests\Hekate.Tests\Hekate.Tests.fsproj", "{9B5C1EA3-8872-4F4B-B986-6BDD84D8E4D3}"
EndProject
Project("{F2A71F9B-5D33-465A-A702-920D77279786}") = "Hekate.Console", "tests\Hekate.Console\Hekate.Console.fsproj", "{C6AE044D-FD16-46E2-8DA6-DC13881F58B6}"
EndProject
Project("{2150E333-8FDC-42A3-9474-1A3956D46DE8}") = "sln", "sln", "{73D33E27-9CE7-48CF-8785-21596AC25F9D}"
EndProject
Project("{2150E333-8FDC-42A3-9474-1A3956D46DE8}") = "src", "src", "{D1DA0382-C594-48A3-84B8-8B943C40B713}"
EndProject
Project("{2150E333-8FDC-42A3-9474-1A3956D46DE8}") = "tests", "tests", "{CC262F4D-2C10-4A79-8FB4-40F1F35780F9}"
EndProject
Project("{2150E333-8FDC-42A3-9474-1A3956D46DE8}") = "build", "build", "{5001D89F-444B-4C5B-B85E-FF69DAD12DFE}"
	ProjectSection(SolutionItems) = preProject
		build.cmd = build.cmd
		build.fsx = build.fsx
	EndProjectSection
EndProject
Project("{2150E333-8FDC-42A3-9474-1A3956D46DE8}") = "paket", "paket", "{66F030C1-CE2E-4C56-A13E-D3976B005848}"
	ProjectSection(SolutionItems) = preProject
		paket.dependencies = paket.dependencies
		paket.lock = paket.lock
	EndProjectSection
EndProject
Project("{2150E333-8FDC-42A3-9474-1A3956D46DE8}") = "references", "references", "{C7073A13-4414-47A7-B2EC-03D3939DB255}"
	ProjectSection(SolutionItems) = preProject
		src\Hekate\Hekate.fsproj.paket.references = src\Hekate\Hekate.fsproj.paket.references
	EndProjectSection
EndProject
Project("{2150E333-8FDC-42A3-9474-1A3956D46DE8}") = "nuget", "nuget", "{14C75A62-0976-4CF3-9D8B-8A68B19F3026}"
	ProjectSection(SolutionItems) = preProject
		nuget\Hekate.nuspec = nuget\Hekate.nuspec
	EndProjectSection
EndProject
Global
	GlobalSection(SolutionConfigurationPlatforms) = preSolution
		Debug|Any CPU = Debug|Any CPU
		Release|Any CPU = Release|Any CPU
	EndGlobalSection
	GlobalSection(ProjectConfigurationPlatforms) = postSolution
		{8F90E93C-87B2-478A-8161-6BC9019FE0C6}.Debug|Any CPU.ActiveCfg = Debug|Any CPU
		{8F90E93C-87B2-478A-8161-6BC9019FE0C6}.Debug|Any CPU.Build.0 = Debug|Any CPU
		{8F90E93C-87B2-478A-8161-6BC9019FE0C6}.Release|Any CPU.ActiveCfg = Release|Any CPU
		{8F90E93C-87B2-478A-8161-6BC9019FE0C6}.Release|Any CPU.Build.0 = Release|Any CPU
		{9B5C1EA3-8872-4F4B-B986-6BDD84D8E4D3}.Debug|Any CPU.ActiveCfg = Debug|Any CPU
		{9B5C1EA3-8872-4F4B-B986-6BDD84D8E4D3}.Debug|Any CPU.Build.0 = Debug|Any CPU
		{9B5C1EA3-8872-4F4B-B986-6BDD84D8E4D3}.Release|Any CPU.ActiveCfg = Release|Any CPU
		{9B5C1EA3-8872-4F4B-B986-6BDD84D8E4D3}.Release|Any CPU.Build.0 = Release|Any CPU
		{C6AE044D-FD16-46E2-8DA6-DC13881F58B6}.Debug|Any CPU.ActiveCfg = Debug|Any CPU
		{C6AE044D-FD16-46E2-8DA6-DC13881F58B6}.Debug|Any CPU.Build.0 = Debug|Any CPU
		{C6AE044D-FD16-46E2-8DA6-DC13881F58B6}.Release|Any CPU.ActiveCfg = Release|Any CPU
		{C6AE044D-FD16-46E2-8DA6-DC13881F58B6}.Release|Any CPU.Build.0 = Release|Any CPU
	EndGlobalSection
	GlobalSection(SolutionProperties) = preSolution
		HideSolutionNode = FALSE
	EndGlobalSection
	GlobalSection(NestedProjects) = preSolution
		{8F90E93C-87B2-478A-8161-6BC9019FE0C6} = {D1DA0382-C594-48A3-84B8-8B943C40B713}
		{9B5C1EA3-8872-4F4B-B986-6BDD84D8E4D3} = {CC262F4D-2C10-4A79-8FB4-40F1F35780F9}
		{C6AE044D-FD16-46E2-8DA6-DC13881F58B6} = {CC262F4D-2C10-4A79-8FB4-40F1F35780F9}
		{5001D89F-444B-4C5B-B85E-FF69DAD12DFE} = {73D33E27-9CE7-48CF-8785-21596AC25F9D}
		{66F030C1-CE2E-4C56-A13E-D3976B005848} = {73D33E27-9CE7-48CF-8785-21596AC25F9D}
		{C7073A13-4414-47A7-B2EC-03D3939DB255} = {66F030C1-CE2E-4C56-A13E-D3976B005848}
		{14C75A62-0976-4CF3-9D8B-8A68B19F3026} = {73D33E27-9CE7-48CF-8785-21596AC25F9D}
	EndGlobalSection
EndGlobal
